// !$*UTF8*$!
{
	archiveVersion = 1;
	classes = {
	};
	objectVersion = 48;
	objects = {

/* Begin PBXBuildFile section */
		F52CC7BD20AD462000FF4EFA /* AppDelegate.swift in Sources */ = {isa = PBXBuildFile; fileRef = F52CC7BC20AD462000FF4EFA /* AppDelegate.swift */; };
		F52CC7BF20AD462000FF4EFA /* ViewController.swift in Sources */ = {isa = PBXBuildFile; fileRef = F52CC7BE20AD462000FF4EFA /* ViewController.swift */; };
		F52CC7C220AD462000FF4EFA /* Main.storyboard in Resources */ = {isa = PBXBuildFile; fileRef = F52CC7C020AD462000FF4EFA /* Main.storyboard */; };
		F52CC7C420AD462000FF4EFA /* Assets.xcassets in Resources */ = {isa = PBXBuildFile; fileRef = F52CC7C320AD462000FF4EFA /* Assets.xcassets */; };
		F52CC7C720AD462000FF4EFA /* LaunchScreen.storyboard in Resources */ = {isa = PBXBuildFile; fileRef = F52CC7C520AD462000FF4EFA /* LaunchScreen.storyboard */; };
/* End PBXBuildFile section */

/* Begin PBXFileReference section */
		F52CC7B920AD462000FF4EFA /* DITFoodDelivery.app */ = {isa = PBXFileReference; explicitFileType = wrapper.application; includeInIndex = 0; path = DITFoodDelivery.app; sourceTree = BUILT_PRODUCTS_DIR; };
		F52CC7BC20AD462000FF4EFA /* AppDelegate.swift */ = {isa = PBXFileReference; lastKnownFileType = sourcecode.swift; path = AppDelegate.swift; sourceTree = "<group>"; };
		F52CC7BE20AD462000FF4EFA /* ViewController.swift */ = {isa = PBXFileReference; lastKnownFileType = sourcecode.swift; path = ViewController.swift; sourceTree = "<group>"; };
		F52CC7C120AD462000FF4EFA /* Base */ = {isa = PBXFileReference; lastKnownFileType = file.storyboard; name = Base; path = Base.lproj/Main.storyboard; sourceTree = "<group>"; };
		F52CC7C320AD462000FF4EFA /* Assets.xcassets */ = {isa = PBXFileReference; lastKnownFileType = folder.assetcatalog; path = Assets.xcassets; sourceTree = "<group>"; };
		F52CC7C620AD462000FF4EFA /* Base */ = {isa = PBXFileReference; lastKnownFileType = file.storyboard; name = Base; path = Base.lproj/LaunchScreen.storyboard; sourceTree = "<group>"; };
		F52CC7C820AD462000FF4EFA /* Info.plist */ = {isa = PBXFileReference; lastKnownFileType = text.plist.xml; path = Info.plist; sourceTree = "<group>"; };
/* End PBXFileReference section */

/* Begin PBXFrameworksBuildPhase section */
		F52CC7B620AD462000FF4EFA /* Frameworks */ = {
			isa = PBXFrameworksBuildPhase;
			buildActionMask = 2147483647;
			files = (
			);
			runOnlyForDeploymentPostprocessing = 0;
		};
/* End PBXFrameworksBuildPhase section */

/* Begin PBXGroup section */
		F52CC7B020AD462000FF4EFA = {
			isa = PBXGroup;
			children = (
				F52CC7BB20AD462000FF4EFA /* DITFoodDelivery */,
				F52CC7BA20AD462000FF4EFA /* Products */,
			);
			sourceTree = "<group>";
		};
		F52CC7BA20AD462000FF4EFA /* Products */ = {
			isa = PBXGroup;
			children = (
				F52CC7B920AD462000FF4EFA /* DITFoodDelivery.app */,
			);
			name = Products;
			sourceTree = "<group>";
		};
		F52CC7BB20AD462000FF4EFA /* DITFoodDelivery */ = {
			isa = PBXGroup;
			children = (
				F52CC7BC20AD462000FF4EFA /* AppDelegate.swift */,
				F52CC7BE20AD462000FF4EFA /* ViewController.swift */,
				F52CC7C020AD462000FF4EFA /* Main.storyboard */,
				F52CC7C320AD462000FF4EFA /* Assets.xcassets */,
				F52CC7C520AD462000FF4EFA /* LaunchScreen.storyboard */,
				F52CC7C820AD462000FF4EFA /* Info.plist */,
			);
			path = DITFoodDelivery;
			sourceTree = "<group>";
		};
/* End PBXGroup section */

/* Begin PBXNativeTarget section */
		F52CC7B820AD462000FF4EFA /* DITFoodDelivery */ = {
			isa = PBXNativeTarget;
			buildConfigurationList = F52CC7CB20AD462000FF4EFA /* Build configuration list for PBXNativeTarget "DITFoodDelivery" */;
			buildPhases = (
				F52CC7B520AD462000FF4EFA /* Sources */,
				F52CC7B620AD462000FF4EFA /* Frameworks */,
				F52CC7B720AD462000FF4EFA /* Resources */,
			);
			buildRules = (
			);
			dependencies = (
			);
			name = DITFoodDelivery;
			productName = DITFoodDelivery;
			productReference = F52CC7B920AD462000FF4EFA /* DITFoodDelivery.app */;
			productType = "com.apple.product-type.application";
		};
/* End PBXNativeTarget section */

/* Begin PBXProject section */
		F52CC7B120AD462000FF4EFA /* Project object */ = {
			isa = PBXProject;
			attributes = {
				LastSwiftUpdateCheck = 0920;
				LastUpgradeCheck = 0920;
				ORGANIZATIONNAME = jun5250;
				TargetAttributes = {
					F52CC7B820AD462000FF4EFA = {
						CreatedOnToolsVersion = 9.2;
						ProvisioningStyle = Automatic;
					};
				};
			};
			buildConfigurationList = F52CC7B420AD462000FF4EFA /* Build configuration list for PBXProject "DITFoodDelivery" */;
			compatibilityVersion = "Xcode 8.0";
			developmentRegion = en;
			hasScannedForEncodings = 0;
			knownRegions = (
				en,
				Base,
			);
			mainGroup = F52CC7B020AD462000FF4EFA;
			productRefGroup = F52CC7BA20AD462000FF4EFA /* Products */;
			projectDirPath = "";
			projectRoot = "";
			targets = (
				F52CC7B820AD462000FF4EFA /* DITFoodDelivery */,
			);
		};
/* End PBXProject section */

/* Begin PBXResourcesBuildPhase section */
		F52CC7B720AD462000FF4EFA /* Resources */ = {
			isa = PBXResourcesBuildPhase;
			buildActionMask = 2147483647;
			files = (
				F52CC7C720AD462000FF4EFA /* LaunchScreen.storyboard in Resources */,
				F52CC7C420AD462000FF4EFA /* Assets.xcassets in Resources */,
				F52CC7C220AD462000FF4EFA /* Main.storyboard in Resources */,
			);
			runOnlyForDeploymentPostprocessing = 0;
		};
/* End PBXResourcesBuildPhase section */

/* Begin PBXSourcesBuildPhase section */
		F52CC7B520AD462000FF4EFA /* Sources */ = {
			isa = PBXSourcesBuildPhase;
			buildActionMask = 2147483647;
			files = (
				F52CC7BF20AD462000FF4EFA /* ViewController.swift in Sources */,
				F52CC7BD20AD462000FF4EFA /* AppDelegate.swift in Sources */,
			);
			runOnlyForDeploymentPostprocessing = 0;
		};
/* End PBXSourcesBuildPhase section */

/* Begin PBXVariantGroup section */
		F52CC7C020AD462000FF4EFA /* Main.storyboard */ = {
			isa = PBXVariantGroup;
			children = (
				F52CC7C120AD462000FF4EFA /* Base */,
			);
			name = Main.storyboard;
			sourceTree = "<group>";
		};
		F52CC7C520AD462000FF4EFA /* LaunchScreen.storyboard */ = {
			isa = PBXVariantGroup;
			children = (
				F52CC7C620AD462000FF4EFA /* Base */,
			);
			name = LaunchScreen.storyboard;
			sourceTree = "<group>";
		};
/* End PBXVariantGroup section */

/* Begin XCBuildConfiguration section */
		F52CC7C920AD462000FF4EFA /* Debug */ = {
			isa = XCBuildConfiguration;
			buildSettings = {
				ALWAYS_SEARCH_USER_PATHS = NO;
				CLANG_ANALYZER_NONNULL = YES;
				CLANG_ANALYZER_NUMBER_OBJECT_CONVERSION = YES_AGGRESSIVE;
				CLANG_CXX_LANGUAGE_STANDARD = "gnu++14";
				CLANG_CXX_LIBRARY = "libc++";
				CLANG_ENABLE_MODULES = YES;
				CLANG_ENABLE_OBJC_ARC = YES;
				CLANG_WARN_BLOCK_CAPTURE_AUTORELEASING = YES;
				CLANG_WARN_BOOL_CONVERSION = YES;
				CLANG_WARN_COMMA = YES;
				CLANG_WARN_CONSTANT_CONVERSION = YES;
				CLANG_WARN_DIRECT_OBJC_ISA_USAGE = YES_ERROR;
				CLANG_WARN_DOCUMENTATION_COMMENTS = YES;
				CLANG_WARN_EMPTY_BODY = YES;
				CLANG_WARN_ENUM_CONVERSION = YES;
				CLANG_WARN_INFINITE_RECURSION = YES;
				CLANG_WARN_INT_CONVERSION = YES;
				CLANG_WARN_NON_LITERAL_NULL_CONVERSION = YES;
				CLANG_WARN_OBJC_LITERAL_CONVERSION = YES;
				CLANG_WARN_OBJC_ROOT_CLASS = YES_ERROR;
				CLANG_WARN_RANGE_LOOP_ANALYSIS = YES;
				CLANG_WARN_STRICT_PROTOTYPES = YES;
				CLANG_WARN_SUSPICIOUS_MOVE = YES;
				CLANG_WARN_UNGUARDED_AVAILABILITY = YES_AGGRESSIVE;
				CLANG_WARN_UNREACHABLE_CODE = YES;
				CLANG_WARN__DUPLICATE_METHOD_MATCH = YES;
				CODE_SIGN_IDENTITY = "iPhone Developer";
				COPY_PHASE_STRIP = NO;
				DEBUG_INFORMATION_FORMAT = dwarf;
				ENABLE_STRICT_OBJC_MSGSEND = YES;
				ENABLE_TESTABILITY = YES;
				GCC_C_LANGUAGE_STANDARD = gnu11;
				GCC_DYNAMIC_NO_PIC = NO;
				GCC_NO_COMMON_BLOCKS = YES;
				GCC_OPTIMIZATION_LEVEL = 0;
				GCC_PREPROCESSOR_DEFINITIONS = (
					"DEBUG=1",
					"$(inherited)",
				);
				GCC_WARN_64_TO_32_BIT_CONVERSION = YES;
				GCC_WARN_ABOUT_RETURN_TYPE = YES_ERROR;
				GCC_WARN_UNDECLARED_SELECTOR = YES;
				GCC_WARN_UNINITIALIZED_AUTOS = YES_AGGRESSIVE;
				GCC_WARN_UNUSED_FUNCTION = YES;
				GCC_WARN_UNUSED_VARIABLE = YES;
				IPHONEOS_DEPLOYMENT_TARGET = 11.2;
				MTL_ENABLE_DEBUG_INFO = YES;
				ONLY_ACTIVE_ARCH = YES;
				SDKROOT = iphoneos;
				SWIFT_ACTIVE_COMPILATION_CONDITIONS = DEBUG;
				SWIFT_OPTIMIZATION_LEVEL = "-Onone";
			};
			name = Debug;
		};
		F52CC7CA20AD462000FF4EFA /* Release */ = {
			isa = XCBuildConfiguration;
			buildSettings = {
				ALWAYS_SEARCH_USER_PATHS = NO;
				CLANG_ANALYZER_NONNULL = YES;
				CLANG_ANALYZER_NUMBER_OBJECT_CONVERSION = YES_AGGRESSIVE;
				CLANG_CXX_LANGUAGE_STANDARD = "gnu++14";
				CLANG_CXX_LIBRARY = "libc++";
				CLANG_ENABLE_MODULES = YES;
				CLANG_ENABLE_OBJC_ARC = YES;
				CLANG_WARN_BLOCK_CAPTURE_AUTORELEASING = YES;
				CLANG_WARN_BOOL_CONVERSION = YES;
				CLANG_WARN_COMMA = YES;
				CLANG_WARN_CONSTANT_CONVERSION = YES;
				CLANG_WARN_DIRECT_OBJC_ISA_USAGE = YES_ERROR;
				CLANG_WARN_DOCUMENTATION_COMMENTS = YES;
				CLANG_WARN_EMPTY_BODY = YES;
				CLANG_WARN_ENUM_CONVERSION = YES;
				CLANG_WARN_INFINITE_RECURSION = YES;
				CLANG_WARN_INT_CONVERSION = YES;
				CLANG_WARN_NON_LITERAL_NULL_CONVERSION = YES;
				CLANG_WARN_OBJC_LITERAL_CONVERSION = YES;
				CLANG_WARN_OBJC_ROOT_CLASS = YES_ERROR;
				CLANG_WARN_RANGE_LOOP_ANALYSIS = YES;
				CLANG_WARN_STRICT_PROTOTYPES = YES;
				CLANG_WARN_SUSPICIOUS_MOVE = YES;
				CLANG_WARN_UNGUARDED_AVAILABILITY = YES_AGGRESSIVE;
				CLANG_WARN_UNREACHABLE_CODE = YES;
				CLANG_WARN__DUPLICATE_METHOD_MATCH = YES;
				CODE_SIGN_IDENTITY = "iPhone Developer";
				COPY_PHASE_STRIP = NO;
				DEBUG_INFORMATION_FORMAT = "dwarf-with-dsym";
				ENABLE_NS_ASSERTIONS = NO;
				ENABLE_STRICT_OBJC_MSGSEND = YES;
				GCC_C_LANGUAGE_STANDARD = gnu11;
				GCC_NO_COMMON_BLOCKS = YES;
				GCC_WARN_64_TO_32_BIT_CONVERSION = YES;
				GCC_WARN_ABOUT_RETURN_TYPE = YES_ERROR;
				GCC_WARN_UNDECLARED_SELECTOR = YES;
				GCC_WARN_UNINITIALIZED_AUTOS = YES_AGGRESSIVE;
				GCC_WARN_UNUSED_FUNCTION = YES;
				GCC_WARN_UNUSED_VARIABLE = YES;
				IPHONEOS_DEPLOYMENT_TARGET = 11.2;
				MTL_ENABLE_DEBUG_INFO = NO;
				SDKROOT = iphoneos;
				SWIFT_OPTIMIZATION_LEVEL = "-Owholemodule";
				VALIDATE_PRODUCT = YES;
			};
			name = Release;
		};
		F52CC7CC20AD462000FF4EFA /* Debug */ = {
			isa = XCBuildConfiguration;
			buildSettings = {
				ASSETCATALOG_COMPILER_APPICON_NAME = AppIcon;
				CODE_SIGN_STYLE = Automatic;
				INFOPLIST_FILE = DITFoodDelivery/Info.plist;
				LD_RUNPATH_SEARCH_PATHS = "$(inherited) @executable_path/Frameworks";
				PRODUCT_BUNDLE_IDENTIFIER = "-01750942.DITFoodDelivery";
				PRODUCT_NAME = "$(TARGET_NAME)";
				SWIFT_VERSION = 4.0;
				TARGETED_DEVICE_FAMILY = "1,2";
			};
			name = Debug;
		};
		F52CC7CD20AD462000FF4EFA /* Release */ = {
			isa = XCBuildConfiguration;
			buildSettings = {
				ASSETCATALOG_COMPILER_APPICON_NAME = AppIcon;
				CODE_SIGN_STYLE = Automatic;
				INFOPLIST_FILE = DITFoodDelivery/Info.plist;
				LD_RUNPATH_SEARCH_PATHS = "$(inherited) @executable_path/Frameworks";
				PRODUCT_BUNDLE_IDENTIFIER = "-01750942.DITFoodDelivery";
				PRODUCT_NAME = "$(TARGET_NAME)";
				SWIFT_VERSION = 4.0;
				TARGETED_DEVICE_FAMILY = "1,2";
			};
			name = Release;
		};
/* End XCBuildConfiguration section */

/* Begin XCConfigurationList section */
		F52CC7B420AD462000FF4EFA /* Build configuration list for PBXProject "DITFoodDelivery" */ = {
			isa = XCConfigurationList;
			buildConfigurations = (
				F52CC7C920AD462000FF4EFA /* Debug */,
				F52CC7CA20AD462000FF4EFA /* Release */,
			);
			defaultConfigurationIsVisible = 0;
			defaultConfigurationName = Release;
		};
		F52CC7CB20AD462000FF4EFA /* Build configuration list for PBXNativeTarget "DITFoodDelivery" */ = {
			isa = XCConfigurationList;
			buildConfigurations = (
				F52CC7CC20AD462000FF4EFA /* Debug */,
				F52CC7CD20AD462000FF4EFA /* Release */,
			);
			defaultConfigurationIsVisible = 0;
			defaultConfigurationName = Release;
		};
/* End XCConfigurationList section */
	};
	rootObject = F52CC7B120AD462000FF4EFA /* Project object */;
}
